
Microsoft Visual Studio Solution File, Format Version 12.00
# Visual Studio Version 17
VisualStudioVersion = 17.14.36203.30
MinimumVisualStudioVersion = 10.0.40219.1
Project("{2150E333-8FDC-42A3-9474-1A3956D46DE8}") = "UI", "UI", "{02EA681E-C7D8-13C7-8484-4AC65E1B71E8}"
EndProject
Project("{FAE04EC0-301F-11D3-BF4B-00C04F79EFBC}") = "WebUI", "WebUI\WebUI.csproj", "{0D0882EC-F981-4494-A514-1FE8972DA25F}"
EndProject
Project("{2150E333-8FDC-42A3-9474-1A3956D46DE8}") = "Backend", "Backend", "{E6BAD1A0-2F06-4269-B86B-EE1F748F9CB2}"
EndProject
Project("{FAE04EC0-301F-11D3-BF4B-00C04F79EFBC}") = "YemekhaneApp.Application", "YemekhaneApp.Application\YemekhaneApp.Application.csproj", "{1222BDF7-27DC-4FBD-BB50-0DFE806A5EF8}"
EndProject
Project("{FAE04EC0-301F-11D3-BF4B-00C04F79EFBC}") = "YemekhaneApp.Domain", "YemekhaneApp.Domain\YemekhaneApp.Domain.csproj", "{F95DFFC1-2A62-4BC4-A2DB-C514D3405FD9}"
EndProject
Project("{2150E333-8FDC-42A3-9474-1A3956D46DE8}") = "Core", "Core", "{C2F04F41-76EA-40EB-9623-21DDBA5BF1E3}"
EndProject
Project("{2150E333-8FDC-42A3-9474-1A3956D46DE8}") = "Infastructure", "Infastructure", "{A3157568-ABE3-4F63-A918-D0558E936589}"
EndProject
Project("{FAE04EC0-301F-11D3-BF4B-00C04F79EFBC}") = "YemekhaneApp.Persistence", "YemekhaneApp.Persistence\YemekhaneApp.Persistence.csproj", "{78ECA039-3506-40C9-BE14-32FA7A5FCA2D}"
EndProject
Project("{2150E333-8FDC-42A3-9474-1A3956D46DE8}") = "API", "API", "{A23CA623-2062-4331-92DB-39599870E429}"
EndProject
Project("{FAE04EC0-301F-11D3-BF4B-00C04F79EFBC}") = "YemekhaneApp.Api", "Backend\API\YemekhaneApp.Api\YemekhaneApp.Api.csproj", "{A86D2F33-64B6-4D6F-B8DC-472CDAB34FCE}"
EndProject
Project("{FAE04EC0-301F-11D3-BF4B-00C04F79EFBC}") = "AspireApp.AppHost", "AspireApp\AspireApp.AppHost\AspireApp.AppHost.csproj", "{E16CF40C-F70B-4FAA-B558-A6F0EE2B7643}"
EndProject
Global
	GlobalSection(SolutionConfigurationPlatforms) = preSolution
		Debug|Any CPU = Debug|Any CPU
		Release|Any CPU = Release|Any CPU
	EndGlobalSection
	GlobalSection(ProjectConfigurationPlatforms) = postSolution
		{0D0882EC-F981-4494-A514-1FE8972DA25F}.Debug|Any CPU.ActiveCfg = Debug|Any CPU
		{0D0882EC-F981-4494-A514-1FE8972DA25F}.Debug|Any CPU.Build.0 = Debug|Any CPU
		{0D0882EC-F981-4494-A514-1FE8972DA25F}.Release|Any CPU.ActiveCfg = Release|Any CPU
		{0D0882EC-F981-4494-A514-1FE8972DA25F}.Release|Any CPU.Build.0 = Release|Any CPU
		{1222BDF7-27DC-4FBD-BB50-0DFE806A5EF8}.Debug|Any CPU.ActiveCfg = Debug|Any CPU
		{1222BDF7-27DC-4FBD-BB50-0DFE806A5EF8}.Debug|Any CPU.Build.0 = Debug|Any CPU
		{1222BDF7-27DC-4FBD-BB50-0DFE806A5EF8}.Release|Any CPU.ActiveCfg = Release|Any CPU
		{1222BDF7-27DC-4FBD-BB50-0DFE806A5EF8}.Release|Any CPU.Build.0 = Release|Any CPU
		{F95DFFC1-2A62-4BC4-A2DB-C514D3405FD9}.Debug|Any CPU.ActiveCfg = Debug|Any CPU
		{F95DFFC1-2A62-4BC4-A2DB-C514D3405FD9}.Debug|Any CPU.Build.0 = Debug|Any CPU
		{F95DFFC1-2A62-4BC4-A2DB-C514D3405FD9}.Release|Any CPU.ActiveCfg = Release|Any CPU
		{F95DFFC1-2A62-4BC4-A2DB-C514D3405FD9}.Release|Any CPU.Build.0 = Release|Any CPU
		{78ECA039-3506-40C9-BE14-32FA7A5FCA2D}.Debug|Any CPU.ActiveCfg = Debug|Any CPU
		{78ECA039-3506-40C9-BE14-32FA7A5FCA2D}.Debug|Any CPU.Build.0 = Debug|Any CPU
		{78ECA039-3506-40C9-BE14-32FA7A5FCA2D}.Release|Any CPU.ActiveCfg = Release|Any CPU
		{78ECA039-3506-40C9-BE14-32FA7A5FCA2D}.Release|Any CPU.Build.0 = Release|Any CPU
		{A86D2F33-64B6-4D6F-B8DC-472CDAB34FCE}.Debug|Any CPU.ActiveCfg = Debug|Any CPU
		{A86D2F33-64B6-4D6F-B8DC-472CDAB34FCE}.Debug|Any CPU.Build.0 = Debug|Any CPU
		{A86D2F33-64B6-4D6F-B8DC-472CDAB34FCE}.Release|Any CPU.ActiveCfg = Release|Any CPU
		{A86D2F33-64B6-4D6F-B8DC-472CDAB34FCE}.Release|Any CPU.Build.0 = Release|Any CPU
		{E16CF40C-F70B-4FAA-B558-A6F0EE2B7643}.Debug|Any CPU.ActiveCfg = Debug|Any CPU
		{E16CF40C-F70B-4FAA-B558-A6F0EE2B7643}.Debug|Any CPU.Build.0 = Debug|Any CPU
		{E16CF40C-F70B-4FAA-B558-A6F0EE2B7643}.Release|Any CPU.ActiveCfg = Release|Any CPU
		{E16CF40C-F70B-4FAA-B558-A6F0EE2B7643}.Release|Any CPU.Build.0 = Release|Any CPU
	EndGlobalSection
	GlobalSection(SolutionProperties) = preSolution
		HideSolutionNode = FALSE
	EndGlobalSection
	GlobalSection(NestedProjects) = preSolution
		{0D0882EC-F981-4494-A514-1FE8972DA25F} = {02EA681E-C7D8-13C7-8484-4AC65E1B71E8}
		{1222BDF7-27DC-4FBD-BB50-0DFE806A5EF8} = {C2F04F41-76EA-40EB-9623-21DDBA5BF1E3}
		{F95DFFC1-2A62-4BC4-A2DB-C514D3405FD9} = {C2F04F41-76EA-40EB-9623-21DDBA5BF1E3}
		{C2F04F41-76EA-40EB-9623-21DDBA5BF1E3} = {E6BAD1A0-2F06-4269-B86B-EE1F748F9CB2}
		{A3157568-ABE3-4F63-A918-D0558E936589} = {E6BAD1A0-2F06-4269-B86B-EE1F748F9CB2}
		{78ECA039-3506-40C9-BE14-32FA7A5FCA2D} = {A3157568-ABE3-4F63-A918-D0558E936589}
		{A23CA623-2062-4331-92DB-39599870E429} = {E6BAD1A0-2F06-4269-B86B-EE1F748F9CB2}
		{A86D2F33-64B6-4D6F-B8DC-472CDAB34FCE} = {A23CA623-2062-4331-92DB-39599870E429}
	EndGlobalSection
	GlobalSection(ExtensibilityGlobals) = postSolution
		SolutionGuid = {E6AF1501-7B17-41C1-8D1F-5636BD6D78E7}
	EndGlobalSection
EndGlobal
